
Microsoft Visual Studio Solution File, Format Version 12.00
# Visual Studio Version 17
VisualStudioVersion = 17.0.31903.59
MinimumVisualStudioVersion = 10.0.40219.1
Project("{FAE04EC0-301F-11D3-BF4B-00C04F79EFBC}") = "HiperNFe", "HiperNFe\HiperNFe.csproj", "{36165905-4051-46C9-BDE7-24E21ED3E3FA}"
EndProject
Project("{FAE04EC0-301F-11D3-BF4B-00C04F79EFBC}") = "HiperNFe.Tests", "HiperNFe.Tests\HiperNFe.Tests.csproj", "{0A1FFD8D-4C36-4B37-AB6E-8DED6B03C8C8}"
EndProject
Global
	GlobalSection(SolutionConfigurationPlatforms) = preSolution
		Debug|Any CPU = Debug|Any CPU
		Release|Any CPU = Release|Any CPU
	EndGlobalSection
	GlobalSection(SolutionProperties) = preSolution
		HideSolutionNode = FALSE
	EndGlobalSection
	GlobalSection(ProjectConfigurationPlatforms) = postSolution
		{36165905-4051-46C9-BDE7-24E21ED3E3FA}.Debug|Any CPU.ActiveCfg = Debug|Any CPU
		{36165905-4051-46C9-BDE7-24E21ED3E3FA}.Debug|Any CPU.Build.0 = Debug|Any CPU
		{36165905-4051-46C9-BDE7-24E21ED3E3FA}.Release|Any CPU.ActiveCfg = Release|Any CPU
		{36165905-4051-46C9-BDE7-24E21ED3E3FA}.Release|Any CPU.Build.0 = Release|Any CPU
		{0A1FFD8D-4C36-4B37-AB6E-8DED6B03C8C8}.Debug|Any CPU.ActiveCfg = Debug|Any CPU
		{0A1FFD8D-4C36-4B37-AB6E-8DED6B03C8C8}.Debug|Any CPU.Build.0 = Debug|Any CPU
		{0A1FFD8D-4C36-4B37-AB6E-8DED6B03C8C8}.Release|Any CPU.ActiveCfg = Release|Any CPU
		{0A1FFD8D-4C36-4B37-AB6E-8DED6B03C8C8}.Release|Any CPU.Build.0 = Release|Any CPU
	EndGlobalSection
EndGlobal
